
Microsoft Visual Studio Solution File, Format Version 12.00
# Visual Studio 2012
Project("{FAE04EC0-301F-11D3-BF4B-00C04F79EFBC}") = "App_JugandoConTiposV1", "App_JugandoConTiposV1\App_JugandoConTiposV1.csproj", "{93A19D34-E33C-4584-82E4-B64880B0006F}"
EndProject
Global
	GlobalSection(SolutionConfigurationPlatforms) = preSolution
		Debug|Any CPU = Debug|Any CPU
		Release|Any CPU = Release|Any CPU
	EndGlobalSection
	GlobalSection(ProjectConfigurationPlatforms) = postSolution
		{93A19D34-E33C-4584-82E4-B64880B0006F}.Debug|Any CPU.ActiveCfg = Debug|Any CPU
		{93A19D34-E33C-4584-82E4-B64880B0006F}.Debug|Any CPU.Build.0 = Debug|Any CPU
		{93A19D34-E33C-4584-82E4-B64880B0006F}.Release|Any CPU.ActiveCfg = Release|Any CPU
		{93A19D34-E33C-4584-82E4-B64880B0006F}.Release|Any CPU.Build.0 = Release|Any CPU
	EndGlobalSection
	GlobalSection(SolutionProperties) = preSolution
		HideSolutionNode = FALSE
	EndGlobalSection
EndGlobal
