
Microsoft Visual Studio Solution File, Format Version 12.00
# Visual Studio 2012
Project("{FAE04EC0-301F-11D3-BF4B-00C04F79EFBC}") = "IntercambiosDatosEntreVentanas", "IntercambiosDatosEntreVentanas\IntercambiosDatosEntreVentanas.csproj", "{F49F9FBC-3169-44E3-8B4D-6CF8A0B9790F}"
EndProject
Global
	GlobalSection(SolutionConfigurationPlatforms) = preSolution
		Debug|Any CPU = Debug|Any CPU
		Release|Any CPU = Release|Any CPU
	EndGlobalSection
	GlobalSection(ProjectConfigurationPlatforms) = postSolution
		{F49F9FBC-3169-44E3-8B4D-6CF8A0B9790F}.Debug|Any CPU.ActiveCfg = Debug|Any CPU
		{F49F9FBC-3169-44E3-8B4D-6CF8A0B9790F}.Debug|Any CPU.Build.0 = Debug|Any CPU
		{F49F9FBC-3169-44E3-8B4D-6CF8A0B9790F}.Release|Any CPU.ActiveCfg = Release|Any CPU
		{F49F9FBC-3169-44E3-8B4D-6CF8A0B9790F}.Release|Any CPU.Build.0 = Release|Any CPU
	EndGlobalSection
	GlobalSection(SolutionProperties) = preSolution
		HideSolutionNode = FALSE
	EndGlobalSection
EndGlobal
