
Microsoft Visual Studio Solution File, Format Version 12.00
# Visual Studio 2012
Project("{FAE04EC0-301F-11D3-BF4B-00C04F79EFBC}") = "AppMathRandom", "AppMathRandom\AppMathRandom.csproj", "{BC5B5D44-66B8-4231-A114-F41C886519EA}"
EndProject
Global
	GlobalSection(SolutionConfigurationPlatforms) = preSolution
		Debug|Any CPU = Debug|Any CPU
		Release|Any CPU = Release|Any CPU
	EndGlobalSection
	GlobalSection(ProjectConfigurationPlatforms) = postSolution
		{BC5B5D44-66B8-4231-A114-F41C886519EA}.Debug|Any CPU.ActiveCfg = Debug|Any CPU
		{BC5B5D44-66B8-4231-A114-F41C886519EA}.Debug|Any CPU.Build.0 = Debug|Any CPU
		{BC5B5D44-66B8-4231-A114-F41C886519EA}.Release|Any CPU.ActiveCfg = Release|Any CPU
		{BC5B5D44-66B8-4231-A114-F41C886519EA}.Release|Any CPU.Build.0 = Release|Any CPU
	EndGlobalSection
	GlobalSection(SolutionProperties) = preSolution
		HideSolutionNode = FALSE
	EndGlobalSection
EndGlobal
