
Microsoft Visual Studio Solution File, Format Version 12.00
# Visual Studio 2012
Project("{FAE04EC0-301F-11D3-BF4B-00C04F79EFBC}") = "App_MenuConColor", "App_MenuConColor\App_MenuConColor.csproj", "{D10A0B9A-C722-4B18-B840-6D9DA31ACBF1}"
EndProject
Global
	GlobalSection(SolutionConfigurationPlatforms) = preSolution
		Debug|Any CPU = Debug|Any CPU
		Release|Any CPU = Release|Any CPU
	EndGlobalSection
	GlobalSection(ProjectConfigurationPlatforms) = postSolution
		{D10A0B9A-C722-4B18-B840-6D9DA31ACBF1}.Debug|Any CPU.ActiveCfg = Debug|Any CPU
		{D10A0B9A-C722-4B18-B840-6D9DA31ACBF1}.Debug|Any CPU.Build.0 = Debug|Any CPU
		{D10A0B9A-C722-4B18-B840-6D9DA31ACBF1}.Release|Any CPU.ActiveCfg = Release|Any CPU
		{D10A0B9A-C722-4B18-B840-6D9DA31ACBF1}.Release|Any CPU.Build.0 = Release|Any CPU
	EndGlobalSection
	GlobalSection(SolutionProperties) = preSolution
		HideSolutionNode = FALSE
	EndGlobalSection
EndGlobal
